PODS:
  - flutter_local_notifications (0.0.1):
    - FlutterMacOS
  - flutter_tts (0.0.1):
    - FlutterMacOS
  - FlutterMacOS (1.0.0)
  - macos_secure_bookmarks (0.0.3):
    - FlutterMacOS
  - sign_in_with_apple (0.0.1):
    - FlutterMacOS
  - whisper_ggml_plus (1.3.1):
    - FlutterMacOS
    - whisper_ggml_plus/no-arc (= 1.3.1)
  - whisper_ggml_plus/no-arc (1.3.1):
    - FlutterMacOS

DEPENDENCIES:
  - flutter_local_notifications (from `Flutter/ephemeral/.symlinks/plugins/flutter_local_notifications/macos`)
  - flutter_tts (from `Flutter/ephemeral/.symlinks/plugins/flutter_tts/macos`)
  - FlutterMacOS (from `Flutter/ephemeral`)
  - macos_secure_bookmarks (from `Flutter/ephemeral/.symlinks/plugins/macos_secure_bookmarks/macos`)
  - sign_in_with_apple (from `Flutter/ephemeral/.symlinks/plugins/sign_in_with_apple/macos`)
  - whisper_ggml_plus (from `Flutter/ephemeral/.symlinks/plugins/whisper_ggml_plus/macos`)

EXTERNAL SOURCES:
  flutter_local_notifications:
    :path: Flutter/ephemeral/.symlinks/plugins/flutter_local_notifications/macos
  flutter_tts:
    :path: Flutter/ephemeral/.symlinks/plugins/flutter_tts/macos
  FlutterMacOS:
    :path: Flutter/ephemeral
  macos_secure_bookmarks:
    :path: Flutter/ephemeral/.symlinks/plugins/macos_secure_bookmarks/macos
  sign_in_with_apple:
    :path: Flutter/ephemeral/.symlinks/plugins/sign_in_with_apple/macos
  whisper_ggml_plus:
    :path: Flutter/ephemeral/.symlinks/plugins/whisper_ggml_plus/macos

SPEC CHECKSUMS:
  flutter_local_notifications: 7062189aabf7f50938a7b8b6614ffa97656eb0bf
  flutter_tts: 64651204e5d276ffea5a910f942d5e9785a96085
  FlutterMacOS: d0db08ddef1a9af05a5ec4b724367152bb0500b1
  macos_secure_bookmarks: cff041c4b377fa00941bb901aaec4d27fac5edf2
  sign_in_with_apple: a9e97e744e8edc36aefc2723111f652102a7a727
  whisper_ggml_plus: a2850325fefbf944927e2d132241c9f6fbbac27f

PODFILE CHECKSUM: 7032ce38478497a7196b3de40c02a28e75b3f4ad

COCOAPODS: 1.16.2
